
Microsoft Visual Studio Solution File, Format Version 12.00
# Visual Studio Version 16
VisualStudioVersion = 16.0.31005.135
MinimumVisualStudioVersion = 10.0.40219.1
Project("{D2ABAB84-BF74-430A-B69E-9DC6D40DDA17}") = "CarDealerOLAP_01", "CarDealerOLAP_01\CarDealerOLAP_01.dwproj", "{F21E628E-5C11-4B2B-9FFA-41BF92E4A455}"
EndProject
Global
	GlobalSection(SolutionConfigurationPlatforms) = preSolution
		Development|Default = Development|Default
	EndGlobalSection
	GlobalSection(ProjectConfigurationPlatforms) = postSolution
		{F21E628E-5C11-4B2B-9FFA-41BF92E4A455}.Development|Default.ActiveCfg = Development
		{F21E628E-5C11-4B2B-9FFA-41BF92E4A455}.Development|Default.Build.0 = Development
		{F21E628E-5C11-4B2B-9FFA-41BF92E4A455}.Development|Default.Deploy.0 = Development
	EndGlobalSection
	GlobalSection(SolutionProperties) = preSolution
		HideSolutionNode = FALSE
	EndGlobalSection
	GlobalSection(ExtensibilityGlobals) = postSolution
		SolutionGuid = {1BE001CA-9CBE-4936-8D05-548A45019371}
	EndGlobalSection
EndGlobal
